// !$*UTF8*$!
{
	archiveVersion = 1;
	classes = {
	};
	objectVersion = 48;
	objects = {

/* Begin PBXBuildFile section */
		9140D649203262F000AD83D0 /* SubjectRepository.swift in Sources */ = {isa = PBXBuildFile; fileRef = 9140D648203262F000AD83D0 /* SubjectRepository.swift */; };
		9140D64B2033DD8500AD83D0 /* QuestionViewController.swift in Sources */ = {isa = PBXBuildFile; fileRef = 9140D64A2033DD8500AD83D0 /* QuestionViewController.swift */; };
		91B006A6202D6C6C00C63FAD /* AppDelegate.swift in Sources */ = {isa = PBXBuildFile; fileRef = 91B006A5202D6C6C00C63FAD /* AppDelegate.swift */; };
		91B006A8202D6C6C00C63FAD /* ViewController.swift in Sources */ = {isa = PBXBuildFile; fileRef = 91B006A7202D6C6C00C63FAD /* ViewController.swift */; };
		91B006AB202D6C6C00C63FAD /* Main.storyboard in Resources */ = {isa = PBXBuildFile; fileRef = 91B006A9202D6C6C00C63FAD /* Main.storyboard */; };
		91B006AD202D6C6C00C63FAD /* Assets.xcassets in Resources */ = {isa = PBXBuildFile; fileRef = 91B006AC202D6C6C00C63FAD /* Assets.xcassets */; };
		91B006B0202D6C6C00C63FAD /* LaunchScreen.storyboard in Resources */ = {isa = PBXBuildFile; fileRef = 91B006AE202D6C6C00C63FAD /* LaunchScreen.storyboard */; };
		91B006BA202D7BD900C63FAD /* SubjectTableViewCell.swift in Sources */ = {isa = PBXBuildFile; fileRef = 91B006B9202D7BD900C63FAD /* SubjectTableViewCell.swift */; };
		91B006BE202EC43B00C63FAD /* icon-images in Resources */ = {isa = PBXBuildFile; fileRef = 91B006BD202EC43B00C63FAD /* icon-images */; };
/* End PBXBuildFile section */

/* Begin PBXFileReference section */
		9140D648203262F000AD83D0 /* SubjectRepository.swift */ = {isa = PBXFileReference; lastKnownFileType = sourcecode.swift; path = SubjectRepository.swift; sourceTree = "<group>"; };
		9140D64A2033DD8500AD83D0 /* QuestionViewController.swift */ = {isa = PBXFileReference; lastKnownFileType = sourcecode.swift; path = QuestionViewController.swift; sourceTree = "<group>"; };
		91B006A2202D6C6C00C63FAD /* iQuiz.app */ = {isa = PBXFileReference; explicitFileType = wrapper.application; includeInIndex = 0; path = iQuiz.app; sourceTree = BUILT_PRODUCTS_DIR; };
		91B006A5202D6C6C00C63FAD /* AppDelegate.swift */ = {isa = PBXFileReference; lastKnownFileType = sourcecode.swift; path = AppDelegate.swift; sourceTree = "<group>"; };
		91B006A7202D6C6C00C63FAD /* ViewController.swift */ = {isa = PBXFileReference; lastKnownFileType = sourcecode.swift; path = ViewController.swift; sourceTree = "<group>"; };
		91B006AA202D6C6C00C63FAD /* Base */ = {isa = PBXFileReference; lastKnownFileType = file.storyboard; name = Base; path = Base.lproj/Main.storyboard; sourceTree = "<group>"; };
		91B006AC202D6C6C00C63FAD /* Assets.xcassets */ = {isa = PBXFileReference; lastKnownFileType = folder.assetcatalog; path = Assets.xcassets; sourceTree = "<group>"; };
		91B006AF202D6C6C00C63FAD /* Base */ = {isa = PBXFileReference; lastKnownFileType = file.storyboard; name = Base; path = Base.lproj/LaunchScreen.storyboard; sourceTree = "<group>"; };
		91B006B1202D6C6C00C63FAD /* Info.plist */ = {isa = PBXFileReference; lastKnownFileType = text.plist.xml; path = Info.plist; sourceTree = "<group>"; };
		91B006B9202D7BD900C63FAD /* SubjectTableViewCell.swift */ = {isa = PBXFileReference; lastKnownFileType = sourcecode.swift; path = SubjectTableViewCell.swift; sourceTree = "<group>"; };
		91B006BD202EC43B00C63FAD /* icon-images */ = {isa = PBXFileReference; lastKnownFileType = folder; path = "icon-images"; sourceTree = "<group>"; };
/* End PBXFileReference section */

/* Begin PBXFrameworksBuildPhase section */
		91B0069F202D6C6C00C63FAD /* Frameworks */ = {
			isa = PBXFrameworksBuildPhase;
			buildActionMask = 2147483647;
			files = (
			);
			runOnlyForDeploymentPostprocessing = 0;
		};
/* End PBXFrameworksBuildPhase section */

/* Begin PBXGroup section */
		91B00699202D6C6C00C63FAD = {
			isa = PBXGroup;
			children = (
				91B006A4202D6C6C00C63FAD /* iQuiz */,
				91B006A3202D6C6C00C63FAD /* Products */,
			);
			sourceTree = "<group>";
		};
		91B006A3202D6C6C00C63FAD /* Products */ = {
			isa = PBXGroup;
			children = (
				91B006A2202D6C6C00C63FAD /* iQuiz.app */,
			);
			name = Products;
			sourceTree = "<group>";
		};
		91B006A4202D6C6C00C63FAD /* iQuiz */ = {
			isa = PBXGroup;
			children = (
				91B006B9202D7BD900C63FAD /* SubjectTableViewCell.swift */,
				91B006A5202D6C6C00C63FAD /* AppDelegate.swift */,
				91B006A7202D6C6C00C63FAD /* ViewController.swift */,
				9140D648203262F000AD83D0 /* SubjectRepository.swift */,
				91B006A9202D6C6C00C63FAD /* Main.storyboard */,
				9140D64A2033DD8500AD83D0 /* QuestionViewController.swift */,
				91B006AC202D6C6C00C63FAD /* Assets.xcassets */,
				91B006AE202D6C6C00C63FAD /* LaunchScreen.storyboard */,
				91B006B1202D6C6C00C63FAD /* Info.plist */,
				91B006BD202EC43B00C63FAD /* icon-images */,
			);
			path = iQuiz;
			sourceTree = "<group>";
		};
/* End PBXGroup section */

/* Begin PBXNativeTarget section */
		91B006A1202D6C6C00C63FAD /* iQuiz */ = {
			isa = PBXNativeTarget;
			buildConfigurationList = 91B006B4202D6C6C00C63FAD /* Build configuration list for PBXNativeTarget "iQuiz" */;
			buildPhases = (
				91B0069E202D6C6C00C63FAD /* Sources */,
				91B0069F202D6C6C00C63FAD /* Frameworks */,
				91B006A0202D6C6C00C63FAD /* Resources */,
			);
			buildRules = (
			);
			dependencies = (
			);
			name = iQuiz;
			productName = iQuiz;
			productReference = 91B006A2202D6C6C00C63FAD /* iQuiz.app */;
			productType = "com.apple.product-type.application";
		};
/* End PBXNativeTarget section */

/* Begin PBXProject section */
		91B0069A202D6C6C00C63FAD /* Project object */ = {
			isa = PBXProject;
			attributes = {
				LastSwiftUpdateCheck = 0920;
				LastUpgradeCheck = 0920;
				ORGANIZATIONNAME = "Julia Zaratan";
				TargetAttributes = {
					91B006A1202D6C6C00C63FAD = {
						CreatedOnToolsVersion = 9.2;
						ProvisioningStyle = Automatic;
					};
				};
			};
			buildConfigurationList = 91B0069D202D6C6C00C63FAD /* Build configuration list for PBXProject "iQuiz" */;
			compatibilityVersion = "Xcode 8.0";
			developmentRegion = en;
			hasScannedForEncodings = 0;
			knownRegions = (
				en,
				Base,
			);
			mainGroup = 91B00699202D6C6C00C63FAD;
			productRefGroup = 91B006A3202D6C6C00C63FAD /* Products */;
			projectDirPath = "";
			projectRoot = "";
			targets = (
				91B006A1202D6C6C00C63FAD /* iQuiz */,
			);
		};
/* End PBXProject section */

/* Begin PBXResourcesBuildPhase section */
		91B006A0202D6C6C00C63FAD /* Resources */ = {
			isa = PBXResourcesBuildPhase;
			buildActionMask = 2147483647;
			files = (
				91B006B0202D6C6C00C63FAD /* LaunchScreen.storyboard in Resources */,
				91B006AD202D6C6C00C63FAD /* Assets.xcassets in Resources */,
				91B006AB202D6C6C00C63FAD /* Main.storyboard in Resources */,
				91B006BE202EC43B00C63FAD /* icon-images in Resources */,
			);
			runOnlyForDeploymentPostprocessing = 0;
		};
/* End PBXResourcesBuildPhase section */

/* Begin PBXSourcesBuildPhase section */
		91B0069E202D6C6C00C63FAD /* Sources */ = {
			isa = PBXSourcesBuildPhase;
			buildActionMask = 2147483647;
			files = (
				91B006A8202D6C6C00C63FAD /* ViewController.swift in Sources */,
				9140D64B2033DD8500AD83D0 /* QuestionViewController.swift in Sources */,
				91B006BA202D7BD900C63FAD /* SubjectTableViewCell.swift in Sources */,
				9140D649203262F000AD83D0 /* SubjectRepository.swift in Sources */,
				91B006A6202D6C6C00C63FAD /* AppDelegate.swift in Sources */,
			);
			runOnlyForDeploymentPostprocessing = 0;
		};
/* End PBXSourcesBuildPhase section */

/* Begin PBXVariantGroup section */
		91B006A9202D6C6C00C63FAD /* Main.storyboard */ = {
			isa = PBXVariantGroup;
			children = (
				91B006AA202D6C6C00C63FAD /* Base */,
			);
			name = Main.storyboard;
			sourceTree = "<group>";
		};
		91B006AE202D6C6C00C63FAD /* LaunchScreen.storyboard */ = {
			isa = PBXVariantGroup;
			children = (
				91B006AF202D6C6C00C63FAD /* Base */,
			);
			name = LaunchScreen.storyboard;
			sourceTree = "<group>";
		};
/* End PBXVariantGroup section */

/* Begin XCBuildConfiguration section */
		91B006B2202D6C6C00C63FAD /* Debug */ = {
			isa = XCBuildConfiguration;
			buildSettings = {
				ALWAYS_SEARCH_USER_PATHS = NO;
				CLANG_ANALYZER_NONNULL = YES;
				CLANG_ANALYZER_NUMBER_OBJECT_CONVERSION = YES_AGGRESSIVE;
				CLANG_CXX_LANGUAGE_STANDARD = "gnu++14";
				CLANG_CXX_LIBRARY = "libc++";
				CLANG_ENABLE_MODULES = YES;
				CLANG_ENABLE_OBJC_ARC = YES;
				CLANG_WARN_BLOCK_CAPTURE_AUTORELEASING = YES;
				CLANG_WARN_BOOL_CONVERSION = YES;
				CLANG_WARN_COMMA = YES;
				CLANG_WARN_CONSTANT_CONVERSION = YES;
				CLANG_WARN_DIRECT_OBJC_ISA_USAGE = YES_ERROR;
				CLANG_WARN_DOCUMENTATION_COMMENTS = YES;
				CLANG_WARN_EMPTY_BODY = YES;
				CLANG_WARN_ENUM_CONVERSION = YES;
				CLANG_WARN_INFINITE_RECURSION = YES;
				CLANG_WARN_INT_CONVERSION = YES;
				CLANG_WARN_NON_LITERAL_NULL_CONVERSION = YES;
				CLANG_WARN_OBJC_LITERAL_CONVERSION = YES;
				CLANG_WARN_OBJC_ROOT_CLASS = YES_ERROR;
				CLANG_WARN_RANGE_LOOP_ANALYSIS = YES;
				CLANG_WARN_STRICT_PROTOTYPES = YES;
				CLANG_WARN_SUSPICIOUS_MOVE = YES;
				CLANG_WARN_UNGUARDED_AVAILABILITY = YES_AGGRESSIVE;
				CLANG_WARN_UNREACHABLE_CODE = YES;
				CLANG_WARN__DUPLICATE_METHOD_MATCH = YES;
				CODE_SIGN_IDENTITY = "iPhone Developer";
				COPY_PHASE_STRIP = NO;
				DEBUG_INFORMATION_FORMAT = dwarf;
				ENABLE_STRICT_OBJC_MSGSEND = YES;
				ENABLE_TESTABILITY = YES;
				GCC_C_LANGUAGE_STANDARD = gnu11;
				GCC_DYNAMIC_NO_PIC = NO;
				GCC_NO_COMMON_BLOCKS = YES;
				GCC_OPTIMIZATION_LEVEL = 0;
				GCC_PREPROCESSOR_DEFINITIONS = (
					"DEBUG=1",
					"$(inherited)",
				);
				GCC_WARN_64_TO_32_BIT_CONVERSION = YES;
				GCC_WARN_ABOUT_RETURN_TYPE = YES_ERROR;
				GCC_WARN_UNDECLARED_SELECTOR = YES;
				GCC_WARN_UNINITIALIZED_AUTOS = YES_AGGRESSIVE;
				GCC_WARN_UNUSED_FUNCTION = YES;
				GCC_WARN_UNUSED_VARIABLE = YES;
				IPHONEOS_DEPLOYMENT_TARGET = 11.2;
				MTL_ENABLE_DEBUG_INFO = YES;
				ONLY_ACTIVE_ARCH = YES;
				SDKROOT = iphoneos;
				SWIFT_ACTIVE_COMPILATION_CONDITIONS = DEBUG;
				SWIFT_OPTIMIZATION_LEVEL = "-Onone";
			};
			name = Debug;
		};
		91B006B3202D6C6C00C63FAD /* Release */ = {
			isa = XCBuildConfiguration;
			buildSettings = {
				ALWAYS_SEARCH_USER_PATHS = NO;
				CLANG_ANALYZER_NONNULL = YES;
				CLANG_ANALYZER_NUMBER_OBJECT_CONVERSION = YES_AGGRESSIVE;
				CLANG_CXX_LANGUAGE_STANDARD = "gnu++14";
				CLANG_CXX_LIBRARY = "libc++";
				CLANG_ENABLE_MODULES = YES;
				CLANG_ENABLE_OBJC_ARC = YES;
				CLANG_WARN_BLOCK_CAPTURE_AUTORELEASING = YES;
				CLANG_WARN_BOOL_CONVERSION = YES;
				CLANG_WARN_COMMA = YES;
				CLANG_WARN_CONSTANT_CONVERSION = YES;
				CLANG_WARN_DIRECT_OBJC_ISA_USAGE = YES_ERROR;
				CLANG_WARN_DOCUMENTATION_COMMENTS = YES;
				CLANG_WARN_EMPTY_BODY = YES;
				CLANG_WARN_ENUM_CONVERSION = YES;
				CLANG_WARN_INFINITE_RECURSION = YES;
				CLANG_WARN_INT_CONVERSION = YES;
				CLANG_WARN_NON_LITERAL_NULL_CONVERSION = YES;
				CLANG_WARN_OBJC_LITERAL_CONVERSION = YES;
				CLANG_WARN_OBJC_ROOT_CLASS = YES_ERROR;
				CLANG_WARN_RANGE_LOOP_ANALYSIS = YES;
				CLANG_WARN_STRICT_PROTOTYPES = YES;
				CLANG_WARN_SUSPICIOUS_MOVE = YES;
				CLANG_WARN_UNGUARDED_AVAILABILITY = YES_AGGRESSIVE;
				CLANG_WARN_UNREACHABLE_CODE = YES;
				CLANG_WARN__DUPLICATE_METHOD_MATCH = YES;
				CODE_SIGN_IDENTITY = "iPhone Developer";
				COPY_PHASE_STRIP = NO;
				DEBUG_INFORMATION_FORMAT = "dwarf-with-dsym";
				ENABLE_NS_ASSERTIONS = NO;
				ENABLE_STRICT_OBJC_MSGSEND = YES;
				GCC_C_LANGUAGE_STANDARD = gnu11;
				GCC_NO_COMMON_BLOCKS = YES;
				GCC_WARN_64_TO_32_BIT_CONVERSION = YES;
				GCC_WARN_ABOUT_RETURN_TYPE = YES_ERROR;
				GCC_WARN_UNDECLARED_SELECTOR = YES;
				GCC_WARN_UNINITIALIZED_AUTOS = YES_AGGRESSIVE;
				GCC_WARN_UNUSED_FUNCTION = YES;
				GCC_WARN_UNUSED_VARIABLE = YES;
				IPHONEOS_DEPLOYMENT_TARGET = 11.2;
				MTL_ENABLE_DEBUG_INFO = NO;
				SDKROOT = iphoneos;
				SWIFT_OPTIMIZATION_LEVEL = "-Owholemodule";
				VALIDATE_PRODUCT = YES;
			};
			name = Release;
		};
		91B006B5202D6C6C00C63FAD /* Debug */ = {
			isa = XCBuildConfiguration;
			buildSettings = {
				ASSETCATALOG_COMPILER_APPICON_NAME = AppIcon;
				CODE_SIGN_STYLE = Automatic;
				DEVELOPMENT_TEAM = 5668NW7RV3;
				INFOPLIST_FILE = iQuiz/Info.plist;
				LD_RUNPATH_SEARCH_PATHS = "$(inherited) @executable_path/Frameworks";
				PRODUCT_BUNDLE_IDENTIFIER = edu.uw.washington.jzaratan.iQuiz;
				PRODUCT_NAME = "$(TARGET_NAME)";
				SWIFT_VERSION = 4.0;
				TARGETED_DEVICE_FAMILY = "1,2";
			};
			name = Debug;
		};
		91B006B6202D6C6C00C63FAD /* Release */ = {
			isa = XCBuildConfiguration;
			buildSettings = {
				ASSETCATALOG_COMPILER_APPICON_NAME = AppIcon;
				CODE_SIGN_STYLE = Automatic;
				DEVELOPMENT_TEAM = 5668NW7RV3;
				INFOPLIST_FILE = iQuiz/Info.plist;
				LD_RUNPATH_SEARCH_PATHS = "$(inherited) @executable_path/Frameworks";
				PRODUCT_BUNDLE_IDENTIFIER = edu.uw.washington.jzaratan.iQuiz;
				PRODUCT_NAME = "$(TARGET_NAME)";
				SWIFT_VERSION = 4.0;
				TARGETED_DEVICE_FAMILY = "1,2";
			};
			name = Release;
		};
/* End XCBuildConfiguration section */

/* Begin XCConfigurationList section */
		91B0069D202D6C6C00C63FAD /* Build configuration list for PBXProject "iQuiz" */ = {
			isa = XCConfigurationList;
			buildConfigurations = (
				91B006B2202D6C6C00C63FAD /* Debug */,
				91B006B3202D6C6C00C63FAD /* Release */,
			);
			defaultConfigurationIsVisible = 0;
			defaultConfigurationName = Release;
		};
		91B006B4202D6C6C00C63FAD /* Build configuration list for PBXNativeTarget "iQuiz" */ = {
			isa = XCConfigurationList;
			buildConfigurations = (
				91B006B5202D6C6C00C63FAD /* Debug */,
				91B006B6202D6C6C00C63FAD /* Release */,
			);
			defaultConfigurationIsVisible = 0;
			defaultConfigurationName = Release;
		};
/* End XCConfigurationList section */
	};
	rootObject = 91B0069A202D6C6C00C63FAD /* Project object */;
}
